
Microsoft Visual Studio Solution File, Format Version 12.00
# Visual Studio Version 17
VisualStudioVersion = 17.11.35312.102
MinimumVisualStudioVersion = 10.0.40219.1
Project("{FAE04EC0-301F-11D3-BF4B-00C04F79EFBC}") = "TaskManager_Frontend", "TaskManager_Frontend.csproj", "{7EF2C681-CDAE-4F14-A487-31C8B64471D7}"
EndProject
Global
	GlobalSection(SolutionConfigurationPlatforms) = preSolution
		Debug|Any CPU = Debug|Any CPU
		Release|Any CPU = Release|Any CPU
	EndGlobalSection
	GlobalSection(ProjectConfigurationPlatforms) = postSolution
		{7EF2C681-CDAE-4F14-A487-31C8B64471D7}.Debug|Any CPU.ActiveCfg = Debug|Any CPU
		{7EF2C681-CDAE-4F14-A487-31C8B64471D7}.Debug|Any CPU.Build.0 = Debug|Any CPU
		{7EF2C681-CDAE-4F14-A487-31C8B64471D7}.Release|Any CPU.ActiveCfg = Release|Any CPU
		{7EF2C681-CDAE-4F14-A487-31C8B64471D7}.Release|Any CPU.Build.0 = Release|Any CPU
	EndGlobalSection
	GlobalSection(SolutionProperties) = preSolution
		HideSolutionNode = FALSE
	EndGlobalSection
	GlobalSection(ExtensibilityGlobals) = postSolution
		SolutionGuid = {F86D14CA-7004-4586-927C-65560A0AAAD7}
	EndGlobalSection
EndGlobal
